// !$*UTF8*$!
{
	archiveVersion = 1;
	classes = {
	};
	objectVersion = 56;
	objects = {

/* Begin PBXBuildFile section */
		B1A3337B2BF840AD00304E97 /* SwiftChatSocketApp.swift in Sources */ = {isa = PBXBuildFile; fileRef = B1A3337A2BF840AD00304E97 /* SwiftChatSocketApp.swift */; };
		B1A3337D2BF840AD00304E97 /* ContentView.swift in Sources */ = {isa = PBXBuildFile; fileRef = B1A3337C2BF840AD00304E97 /* ContentView.swift */; };
		B1A3337F2BF840B100304E97 /* Assets.xcassets in Resources */ = {isa = PBXBuildFile; fileRef = B1A3337E2BF840B100304E97 /* Assets.xcassets */; };
		B1A333832BF840B100304E97 /* Preview Assets.xcassets in Resources */ = {isa = PBXBuildFile; fileRef = B1A333822BF840B100304E97 /* Preview Assets.xcassets */; };
		B1A3338A2BF840E200304E97 /* ChatScreenView.swift in Sources */ = {isa = PBXBuildFile; fileRef = B1A333892BF840E200304E97 /* ChatScreenView.swift */; };
		B1A3338C2BF8421A00304E97 /* ChatScreenModel.swift in Sources */ = {isa = PBXBuildFile; fileRef = B1A3338B2BF8421A00304E97 /* ChatScreenModel.swift */; };
		B1A3338E2BF84A9100304E97 /* SubmittedChatMessage.swift in Sources */ = {isa = PBXBuildFile; fileRef = B1A3338D2BF84A9100304E97 /* SubmittedChatMessage.swift */; };
		B1A333902BF84AB600304E97 /* UserInfo.swift in Sources */ = {isa = PBXBuildFile; fileRef = B1A3338F2BF84AB600304E97 /* UserInfo.swift */; };
		B1A333922BF84B4500304E97 /* SettingsScreenView.swift in Sources */ = {isa = PBXBuildFile; fileRef = B1A333912BF84B4500304E97 /* SettingsScreenView.swift */; };
		B1A333942BF84EA400304E97 /* ChatMessageRow.swift in Sources */ = {isa = PBXBuildFile; fileRef = B1A333932BF84EA400304E97 /* ChatMessageRow.swift */; };
/* End PBXBuildFile section */

/* Begin PBXFileReference section */
		B1A333772BF840AD00304E97 /* SwiftChatSocket.app */ = {isa = PBXFileReference; explicitFileType = wrapper.application; includeInIndex = 0; path = SwiftChatSocket.app; sourceTree = BUILT_PRODUCTS_DIR; };
		B1A3337A2BF840AD00304E97 /* SwiftChatSocketApp.swift */ = {isa = PBXFileReference; lastKnownFileType = sourcecode.swift; path = SwiftChatSocketApp.swift; sourceTree = "<group>"; };
		B1A3337C2BF840AD00304E97 /* ContentView.swift */ = {isa = PBXFileReference; lastKnownFileType = sourcecode.swift; path = ContentView.swift; sourceTree = "<group>"; };
		B1A3337E2BF840B100304E97 /* Assets.xcassets */ = {isa = PBXFileReference; lastKnownFileType = folder.assetcatalog; path = Assets.xcassets; sourceTree = "<group>"; };
		B1A333802BF840B100304E97 /* SwiftChatSocket.entitlements */ = {isa = PBXFileReference; lastKnownFileType = text.plist.entitlements; path = SwiftChatSocket.entitlements; sourceTree = "<group>"; };
		B1A333822BF840B100304E97 /* Preview Assets.xcassets */ = {isa = PBXFileReference; lastKnownFileType = folder.assetcatalog; path = "Preview Assets.xcassets"; sourceTree = "<group>"; };
		B1A333892BF840E200304E97 /* ChatScreenView.swift */ = {isa = PBXFileReference; lastKnownFileType = sourcecode.swift; path = ChatScreenView.swift; sourceTree = "<group>"; };
		B1A3338B2BF8421A00304E97 /* ChatScreenModel.swift */ = {isa = PBXFileReference; lastKnownFileType = sourcecode.swift; path = ChatScreenModel.swift; sourceTree = "<group>"; };
		B1A3338D2BF84A9100304E97 /* SubmittedChatMessage.swift */ = {isa = PBXFileReference; lastKnownFileType = sourcecode.swift; path = SubmittedChatMessage.swift; sourceTree = "<group>"; };
		B1A3338F2BF84AB600304E97 /* UserInfo.swift */ = {isa = PBXFileReference; lastKnownFileType = sourcecode.swift; path = UserInfo.swift; sourceTree = "<group>"; };
		B1A333912BF84B4500304E97 /* SettingsScreenView.swift */ = {isa = PBXFileReference; lastKnownFileType = sourcecode.swift; path = SettingsScreenView.swift; sourceTree = "<group>"; };
		B1A333932BF84EA400304E97 /* ChatMessageRow.swift */ = {isa = PBXFileReference; lastKnownFileType = sourcecode.swift; path = ChatMessageRow.swift; sourceTree = "<group>"; };
/* End PBXFileReference section */

/* Begin PBXFrameworksBuildPhase section */
		B1A333742BF840AD00304E97 /* Frameworks */ = {
			isa = PBXFrameworksBuildPhase;
			buildActionMask = 2147483647;
			files = (
			);
			runOnlyForDeploymentPostprocessing = 0;
		};
/* End PBXFrameworksBuildPhase section */

/* Begin PBXGroup section */
		B1A3336E2BF840AD00304E97 = {
			isa = PBXGroup;
			children = (
				B1A333792BF840AD00304E97 /* SwiftChatSocket */,
				B1A333782BF840AD00304E97 /* Products */,
			);
			sourceTree = "<group>";
		};
		B1A333782BF840AD00304E97 /* Products */ = {
			isa = PBXGroup;
			children = (
				B1A333772BF840AD00304E97 /* SwiftChatSocket.app */,
			);
			name = Products;
			sourceTree = "<group>";
		};
		B1A333792BF840AD00304E97 /* SwiftChatSocket */ = {
			isa = PBXGroup;
			children = (
				B1A333982BF8506000304E97 /* Apps */,
				B1A333972BF8505300304E97 /* Views */,
				B1A333962BF8503200304E97 /* ViewModels */,
				B1A333952BF8502100304E97 /* Models */,
				B1A3337E2BF840B100304E97 /* Assets.xcassets */,
				B1A333802BF840B100304E97 /* SwiftChatSocket.entitlements */,
				B1A333812BF840B100304E97 /* Preview Content */,
			);
			path = SwiftChatSocket;
			sourceTree = "<group>";
		};
		B1A333812BF840B100304E97 /* Preview Content */ = {
			isa = PBXGroup;
			children = (
				B1A333822BF840B100304E97 /* Preview Assets.xcassets */,
			);
			path = "Preview Content";
			sourceTree = "<group>";
		};
		B1A333952BF8502100304E97 /* Models */ = {
			isa = PBXGroup;
			children = (
				B1A3338D2BF84A9100304E97 /* SubmittedChatMessage.swift */,
				B1A3338F2BF84AB600304E97 /* UserInfo.swift */,
			);
			path = Models;
			sourceTree = "<group>";
		};
		B1A333962BF8503200304E97 /* ViewModels */ = {
			isa = PBXGroup;
			children = (
				B1A3338B2BF8421A00304E97 /* ChatScreenModel.swift */,
			);
			path = ViewModels;
			sourceTree = "<group>";
		};
		B1A333972BF8505300304E97 /* Views */ = {
			isa = PBXGroup;
			children = (
				B1A3337C2BF840AD00304E97 /* ContentView.swift */,
				B1A333892BF840E200304E97 /* ChatScreenView.swift */,
				B1A333912BF84B4500304E97 /* SettingsScreenView.swift */,
				B1A333932BF84EA400304E97 /* ChatMessageRow.swift */,
			);
			path = Views;
			sourceTree = "<group>";
		};
		B1A333982BF8506000304E97 /* Apps */ = {
			isa = PBXGroup;
			children = (
				B1A3337A2BF840AD00304E97 /* SwiftChatSocketApp.swift */,
			);
			path = Apps;
			sourceTree = "<group>";
		};
/* End PBXGroup section */

/* Begin PBXNativeTarget section */
		B1A333762BF840AD00304E97 /* SwiftChatSocket */ = {
			isa = PBXNativeTarget;
			buildConfigurationList = B1A333862BF840B100304E97 /* Build configuration list for PBXNativeTarget "SwiftChatSocket" */;
			buildPhases = (
				B1A333732BF840AD00304E97 /* Sources */,
				B1A333742BF840AD00304E97 /* Frameworks */,
				B1A333752BF840AD00304E97 /* Resources */,
			);
			buildRules = (
			);
			dependencies = (
			);
			name = SwiftChatSocket;
			productName = SwiftChatSocket;
			productReference = B1A333772BF840AD00304E97 /* SwiftChatSocket.app */;
			productType = "com.apple.product-type.application";
		};
/* End PBXNativeTarget section */

/* Begin PBXProject section */
		B1A3336F2BF840AD00304E97 /* Project object */ = {
			isa = PBXProject;
			attributes = {
				BuildIndependentTargetsInParallel = 1;
				LastSwiftUpdateCheck = 1420;
				LastUpgradeCheck = 1420;
				TargetAttributes = {
					B1A333762BF840AD00304E97 = {
						CreatedOnToolsVersion = 14.2;
					};
				};
			};
			buildConfigurationList = B1A333722BF840AD00304E97 /* Build configuration list for PBXProject "SwiftChatSocket" */;
			compatibilityVersion = "Xcode 14.0";
			developmentRegion = en;
			hasScannedForEncodings = 0;
			knownRegions = (
				en,
				Base,
			);
			mainGroup = B1A3336E2BF840AD00304E97;
			productRefGroup = B1A333782BF840AD00304E97 /* Products */;
			projectDirPath = "";
			projectRoot = "";
			targets = (
				B1A333762BF840AD00304E97 /* SwiftChatSocket */,
			);
		};
/* End PBXProject section */

/* Begin PBXResourcesBuildPhase section */
		B1A333752BF840AD00304E97 /* Resources */ = {
			isa = PBXResourcesBuildPhase;
			buildActionMask = 2147483647;
			files = (
				B1A333832BF840B100304E97 /* Preview Assets.xcassets in Resources */,
				B1A3337F2BF840B100304E97 /* Assets.xcassets in Resources */,
			);
			runOnlyForDeploymentPostprocessing = 0;
		};
/* End PBXResourcesBuildPhase section */

/* Begin PBXSourcesBuildPhase section */
		B1A333732BF840AD00304E97 /* Sources */ = {
			isa = PBXSourcesBuildPhase;
			buildActionMask = 2147483647;
			files = (
				B1A3338A2BF840E200304E97 /* ChatScreenView.swift in Sources */,
				B1A3338C2BF8421A00304E97 /* ChatScreenModel.swift in Sources */,
				B1A3337D2BF840AD00304E97 /* ContentView.swift in Sources */,
				B1A3337B2BF840AD00304E97 /* SwiftChatSocketApp.swift in Sources */,
				B1A333942BF84EA400304E97 /* ChatMessageRow.swift in Sources */,
				B1A333902BF84AB600304E97 /* UserInfo.swift in Sources */,
				B1A333922BF84B4500304E97 /* SettingsScreenView.swift in Sources */,
				B1A3338E2BF84A9100304E97 /* SubmittedChatMessage.swift in Sources */,
			);
			runOnlyForDeploymentPostprocessing = 0;
		};
/* End PBXSourcesBuildPhase section */

/* Begin XCBuildConfiguration section */
		B1A333842BF840B100304E97 /* Debug */ = {
			isa = XCBuildConfiguration;
			buildSettings = {
				ALWAYS_SEARCH_USER_PATHS = NO;
				CLANG_ANALYZER_NONNULL = YES;
				CLANG_ANALYZER_NUMBER_OBJECT_CONVERSION = YES_AGGRESSIVE;
				CLANG_CXX_LANGUAGE_STANDARD = "gnu++20";
				CLANG_ENABLE_MODULES = YES;
				CLANG_ENABLE_OBJC_ARC = YES;
				CLANG_ENABLE_OBJC_WEAK = YES;
				CLANG_WARN_BLOCK_CAPTURE_AUTORELEASING = YES;
				CLANG_WARN_BOOL_CONVERSION = YES;
				CLANG_WARN_COMMA = YES;
				CLANG_WARN_CONSTANT_CONVERSION = YES;
				CLANG_WARN_DEPRECATED_OBJC_IMPLEMENTATIONS = YES;
				CLANG_WARN_DIRECT_OBJC_ISA_USAGE = YES_ERROR;
				CLANG_WARN_DOCUMENTATION_COMMENTS = YES;
				CLANG_WARN_EMPTY_BODY = YES;
				CLANG_WARN_ENUM_CONVERSION = YES;
				CLANG_WARN_INFINITE_RECURSION = YES;
				CLANG_WARN_INT_CONVERSION = YES;
				CLANG_WARN_NON_LITERAL_NULL_CONVERSION = YES;
				CLANG_WARN_OBJC_IMPLICIT_RETAIN_SELF = YES;
				CLANG_WARN_OBJC_LITERAL_CONVERSION = YES;
				CLANG_WARN_OBJC_ROOT_CLASS = YES_ERROR;
				CLANG_WARN_QUOTED_INCLUDE_IN_FRAMEWORK_HEADER = YES;
				CLANG_WARN_RANGE_LOOP_ANALYSIS = YES;
				CLANG_WARN_STRICT_PROTOTYPES = YES;
				CLANG_WARN_SUSPICIOUS_MOVE = YES;
				CLANG_WARN_UNGUARDED_AVAILABILITY = YES_AGGRESSIVE;
				CLANG_WARN_UNREACHABLE_CODE = YES;
				CLANG_WARN__DUPLICATE_METHOD_MATCH = YES;
				COPY_PHASE_STRIP = NO;
				DEBUG_INFORMATION_FORMAT = dwarf;
				ENABLE_STRICT_OBJC_MSGSEND = YES;
				ENABLE_TESTABILITY = YES;
				GCC_C_LANGUAGE_STANDARD = gnu11;
				GCC_DYNAMIC_NO_PIC = NO;
				GCC_NO_COMMON_BLOCKS = YES;
				GCC_OPTIMIZATION_LEVEL = 0;
				GCC_PREPROCESSOR_DEFINITIONS = (
					"DEBUG=1",
					"$(inherited)",
				);
				GCC_WARN_64_TO_32_BIT_CONVERSION = YES;
				GCC_WARN_ABOUT_RETURN_TYPE = YES_ERROR;
				GCC_WARN_UNDECLARED_SELECTOR = YES;
				GCC_WARN_UNINITIALIZED_AUTOS = YES_AGGRESSIVE;
				GCC_WARN_UNUSED_FUNCTION = YES;
				GCC_WARN_UNUSED_VARIABLE = YES;
				MTL_ENABLE_DEBUG_INFO = INCLUDE_SOURCE;
				MTL_FAST_MATH = YES;
				ONLY_ACTIVE_ARCH = YES;
				SWIFT_ACTIVE_COMPILATION_CONDITIONS = DEBUG;
				SWIFT_OPTIMIZATION_LEVEL = "-Onone";
			};
			name = Debug;
		};
		B1A333852BF840B100304E97 /* Release */ = {
			isa = XCBuildConfiguration;
			buildSettings = {
				ALWAYS_SEARCH_USER_PATHS = NO;
				CLANG_ANALYZER_NONNULL = YES;
				CLANG_ANALYZER_NUMBER_OBJECT_CONVERSION = YES_AGGRESSIVE;
				CLANG_CXX_LANGUAGE_STANDARD = "gnu++20";
				CLANG_ENABLE_MODULES = YES;
				CLANG_ENABLE_OBJC_ARC = YES;
				CLANG_ENABLE_OBJC_WEAK = YES;
				CLANG_WARN_BLOCK_CAPTURE_AUTORELEASING = YES;
				CLANG_WARN_BOOL_CONVERSION = YES;
				CLANG_WARN_COMMA = YES;
				CLANG_WARN_CONSTANT_CONVERSION = YES;
				CLANG_WARN_DEPRECATED_OBJC_IMPLEMENTATIONS = YES;
				CLANG_WARN_DIRECT_OBJC_ISA_USAGE = YES_ERROR;
				CLANG_WARN_DOCUMENTATION_COMMENTS = YES;
				CLANG_WARN_EMPTY_BODY = YES;
				CLANG_WARN_ENUM_CONVERSION = YES;
				CLANG_WARN_INFINITE_RECURSION = YES;
				CLANG_WARN_INT_CONVERSION = YES;
				CLANG_WARN_NON_LITERAL_NULL_CONVERSION = YES;
				CLANG_WARN_OBJC_IMPLICIT_RETAIN_SELF = YES;
				CLANG_WARN_OBJC_LITERAL_CONVERSION = YES;
				CLANG_WARN_OBJC_ROOT_CLASS = YES_ERROR;
				CLANG_WARN_QUOTED_INCLUDE_IN_FRAMEWORK_HEADER = YES;
				CLANG_WARN_RANGE_LOOP_ANALYSIS = YES;
				CLANG_WARN_STRICT_PROTOTYPES = YES;
				CLANG_WARN_SUSPICIOUS_MOVE = YES;
				CLANG_WARN_UNGUARDED_AVAILABILITY = YES_AGGRESSIVE;
				CLANG_WARN_UNREACHABLE_CODE = YES;
				CLANG_WARN__DUPLICATE_METHOD_MATCH = YES;
				COPY_PHASE_STRIP = NO;
				DEBUG_INFORMATION_FORMAT = "dwarf-with-dsym";
				ENABLE_NS_ASSERTIONS = NO;
				ENABLE_STRICT_OBJC_MSGSEND = YES;
				GCC_C_LANGUAGE_STANDARD = gnu11;
				GCC_NO_COMMON_BLOCKS = YES;
				GCC_WARN_64_TO_32_BIT_CONVERSION = YES;
				GCC_WARN_ABOUT_RETURN_TYPE = YES_ERROR;
				GCC_WARN_UNDECLARED_SELECTOR = YES;
				GCC_WARN_UNINITIALIZED_AUTOS = YES_AGGRESSIVE;
				GCC_WARN_UNUSED_FUNCTION = YES;
				GCC_WARN_UNUSED_VARIABLE = YES;
				MTL_ENABLE_DEBUG_INFO = NO;
				MTL_FAST_MATH = YES;
				SWIFT_COMPILATION_MODE = wholemodule;
				SWIFT_OPTIMIZATION_LEVEL = "-O";
			};
			name = Release;
		};
		B1A333872BF840B100304E97 /* Debug */ = {
			isa = XCBuildConfiguration;
			buildSettings = {
				ASSETCATALOG_COMPILER_APPICON_NAME = AppIcon;
				ASSETCATALOG_COMPILER_GLOBAL_ACCENT_COLOR_NAME = AccentColor;
				CODE_SIGN_ENTITLEMENTS = SwiftChatSocket/SwiftChatSocket.entitlements;
				CODE_SIGN_STYLE = Automatic;
				CURRENT_PROJECT_VERSION = 1;
				DEVELOPMENT_ASSET_PATHS = "\"SwiftChatSocket/Preview Content\"";
				DEVELOPMENT_TEAM = L44A9D86S6;
				ENABLE_HARDENED_RUNTIME = YES;
				ENABLE_PREVIEWS = YES;
				GENERATE_INFOPLIST_FILE = YES;
				"INFOPLIST_KEY_UIApplicationSceneManifest_Generation[sdk=iphoneos*]" = YES;
				"INFOPLIST_KEY_UIApplicationSceneManifest_Generation[sdk=iphonesimulator*]" = YES;
				"INFOPLIST_KEY_UIApplicationSupportsIndirectInputEvents[sdk=iphoneos*]" = YES;
				"INFOPLIST_KEY_UIApplicationSupportsIndirectInputEvents[sdk=iphonesimulator*]" = YES;
				"INFOPLIST_KEY_UILaunchScreen_Generation[sdk=iphoneos*]" = YES;
				"INFOPLIST_KEY_UILaunchScreen_Generation[sdk=iphonesimulator*]" = YES;
				"INFOPLIST_KEY_UIStatusBarStyle[sdk=iphoneos*]" = UIStatusBarStyleDefault;
				"INFOPLIST_KEY_UIStatusBarStyle[sdk=iphonesimulator*]" = UIStatusBarStyleDefault;
				INFOPLIST_KEY_UISupportedInterfaceOrientations_iPad = "UIInterfaceOrientationPortrait UIInterfaceOrientationPortraitUpsideDown UIInterfaceOrientationLandscapeLeft UIInterfaceOrientationLandscapeRight";
				INFOPLIST_KEY_UISupportedInterfaceOrientations_iPhone = "UIInterfaceOrientationPortrait UIInterfaceOrientationLandscapeLeft UIInterfaceOrientationLandscapeRight";
				IPHONEOS_DEPLOYMENT_TARGET = 16.2;
				LD_RUNPATH_SEARCH_PATHS = "@executable_path/Frameworks";
				"LD_RUNPATH_SEARCH_PATHS[sdk=macosx*]" = "@executable_path/../Frameworks";
				MACOSX_DEPLOYMENT_TARGET = 12.7;
				MARKETING_VERSION = 1.0;
				PRODUCT_BUNDLE_IDENTIFIER = com.rafiulhasan.SwiftChatSocket;
				PRODUCT_NAME = "$(TARGET_NAME)";
				SDKROOT = auto;
				SUPPORTED_PLATFORMS = "iphoneos iphonesimulator macosx";
				SWIFT_EMIT_LOC_STRINGS = YES;
				SWIFT_VERSION = 5.0;
				TARGETED_DEVICE_FAMILY = "1,2";
			};
			name = Debug;
		};
		B1A333882BF840B100304E97 /* Release */ = {
			isa = XCBuildConfiguration;
			buildSettings = {
				ASSETCATALOG_COMPILER_APPICON_NAME = AppIcon;
				ASSETCATALOG_COMPILER_GLOBAL_ACCENT_COLOR_NAME = AccentColor;
				CODE_SIGN_ENTITLEMENTS = SwiftChatSocket/SwiftChatSocket.entitlements;
				CODE_SIGN_STYLE = Automatic;
				CURRENT_PROJECT_VERSION = 1;
				DEVELOPMENT_ASSET_PATHS = "\"SwiftChatSocket/Preview Content\"";
				DEVELOPMENT_TEAM = L44A9D86S6;
				ENABLE_HARDENED_RUNTIME = YES;
				ENABLE_PREVIEWS = YES;
				GENERATE_INFOPLIST_FILE = YES;
				"INFOPLIST_KEY_UIApplicationSceneManifest_Generation[sdk=iphoneos*]" = YES;
				"INFOPLIST_KEY_UIApplicationSceneManifest_Generation[sdk=iphonesimulator*]" = YES;
				"INFOPLIST_KEY_UIApplicationSupportsIndirectInputEvents[sdk=iphoneos*]" = YES;
				"INFOPLIST_KEY_UIApplicationSupportsIndirectInputEvents[sdk=iphonesimulator*]" = YES;
				"INFOPLIST_KEY_UILaunchScreen_Generation[sdk=iphoneos*]" = YES;
				"INFOPLIST_KEY_UILaunchScreen_Generation[sdk=iphonesimulator*]" = YES;
				"INFOPLIST_KEY_UIStatusBarStyle[sdk=iphoneos*]" = UIStatusBarStyleDefault;
				"INFOPLIST_KEY_UIStatusBarStyle[sdk=iphonesimulator*]" = UIStatusBarStyleDefault;
				INFOPLIST_KEY_UISupportedInterfaceOrientations_iPad = "UIInterfaceOrientationPortrait UIInterfaceOrientationPortraitUpsideDown UIInterfaceOrientationLandscapeLeft UIInterfaceOrientationLandscapeRight";
				INFOPLIST_KEY_UISupportedInterfaceOrientations_iPhone = "UIInterfaceOrientationPortrait UIInterfaceOrientationLandscapeLeft UIInterfaceOrientationLandscapeRight";
				IPHONEOS_DEPLOYMENT_TARGET = 16.2;
				LD_RUNPATH_SEARCH_PATHS = "@executable_path/Frameworks";
				"LD_RUNPATH_SEARCH_PATHS[sdk=macosx*]" = "@executable_path/../Frameworks";
				MACOSX_DEPLOYMENT_TARGET = 12.7;
				MARKETING_VERSION = 1.0;
				PRODUCT_BUNDLE_IDENTIFIER = com.rafiulhasan.SwiftChatSocket;
				PRODUCT_NAME = "$(TARGET_NAME)";
				SDKROOT = auto;
				SUPPORTED_PLATFORMS = "iphoneos iphonesimulator macosx";
				SWIFT_EMIT_LOC_STRINGS = YES;
				SWIFT_VERSION = 5.0;
				TARGETED_DEVICE_FAMILY = "1,2";
			};
			name = Release;
		};
/* End XCBuildConfiguration section */

/* Begin XCConfigurationList section */
		B1A333722BF840AD00304E97 /* Build configuration list for PBXProject "SwiftChatSocket" */ = {
			isa = XCConfigurationList;
			buildConfigurations = (
				B1A333842BF840B100304E97 /* Debug */,
				B1A333852BF840B100304E97 /* Release */,
			);
			defaultConfigurationIsVisible = 0;
			defaultConfigurationName = Release;
		};
		B1A333862BF840B100304E97 /* Build configuration list for PBXNativeTarget "SwiftChatSocket" */ = {
			isa = XCConfigurationList;
			buildConfigurations = (
				B1A333872BF840B100304E97 /* Debug */,
				B1A333882BF840B100304E97 /* Release */,
			);
			defaultConfigurationIsVisible = 0;
			defaultConfigurationName = Release;
		};
/* End XCConfigurationList section */
	};
	rootObject = B1A3336F2BF840AD00304E97 /* Project object */;
}
